
Microsoft Visual Studio Solution File, Format Version 12.00
# Visual Studio Version 17
VisualStudioVersion = 17.5.002.0
MinimumVisualStudioVersion = 10.0.40219.1
Project("{2150E333-8FDC-42A3-9474-1A3956D46DE8}") = "EsepWebhook", "EsepWebhook", "{6C7F9209-EC1A-4F9A-BC0A-243C51247B6A}"
EndProject
Project("{2150E333-8FDC-42A3-9474-1A3956D46DE8}") = "src", "src", "{2455FCAA-6138-4B8D-8911-1FCCE612453A}"
EndProject
Project("{9A19103F-16F7-4668-BE54-9A1E7A4F7556}") = "EsepWebhook", "EsepWebhook\src\EsepWebhook\EsepWebhook.csproj", "{38AE0FE4-F00E-407E-AA7C-7943445DEBB8}"
EndProject
Project("{2150E333-8FDC-42A3-9474-1A3956D46DE8}") = "test", "test", "{97B1F845-38B3-4BFA-A8EC-99E7A8A0E6D1}"
EndProject
Project("{9A19103F-16F7-4668-BE54-9A1E7A4F7556}") = "EsepWebhook.Tests", "EsepWebhook\test\EsepWebhook.Tests\EsepWebhook.Tests.csproj", "{4007264A-1048-4371-BF82-DF46C8F196ED}"
EndProject
Global
	GlobalSection(SolutionConfigurationPlatforms) = preSolution
		Debug|Any CPU = Debug|Any CPU
		Release|Any CPU = Release|Any CPU
	EndGlobalSection
	GlobalSection(ProjectConfigurationPlatforms) = postSolution
		{38AE0FE4-F00E-407E-AA7C-7943445DEBB8}.Debug|Any CPU.ActiveCfg = Debug|Any CPU
		{38AE0FE4-F00E-407E-AA7C-7943445DEBB8}.Debug|Any CPU.Build.0 = Debug|Any CPU
		{38AE0FE4-F00E-407E-AA7C-7943445DEBB8}.Release|Any CPU.ActiveCfg = Release|Any CPU
		{38AE0FE4-F00E-407E-AA7C-7943445DEBB8}.Release|Any CPU.Build.0 = Release|Any CPU
		{4007264A-1048-4371-BF82-DF46C8F196ED}.Debug|Any CPU.ActiveCfg = Debug|Any CPU
		{4007264A-1048-4371-BF82-DF46C8F196ED}.Debug|Any CPU.Build.0 = Debug|Any CPU
		{4007264A-1048-4371-BF82-DF46C8F196ED}.Release|Any CPU.ActiveCfg = Release|Any CPU
		{4007264A-1048-4371-BF82-DF46C8F196ED}.Release|Any CPU.Build.0 = Release|Any CPU
	EndGlobalSection
	GlobalSection(SolutionProperties) = preSolution
		HideSolutionNode = FALSE
	EndGlobalSection
	GlobalSection(NestedProjects) = preSolution
		{2455FCAA-6138-4B8D-8911-1FCCE612453A} = {6C7F9209-EC1A-4F9A-BC0A-243C51247B6A}
		{38AE0FE4-F00E-407E-AA7C-7943445DEBB8} = {2455FCAA-6138-4B8D-8911-1FCCE612453A}
		{97B1F845-38B3-4BFA-A8EC-99E7A8A0E6D1} = {6C7F9209-EC1A-4F9A-BC0A-243C51247B6A}
		{4007264A-1048-4371-BF82-DF46C8F196ED} = {97B1F845-38B3-4BFA-A8EC-99E7A8A0E6D1}
	EndGlobalSection
	GlobalSection(ExtensibilityGlobals) = postSolution
		SolutionGuid = {9D6FCE30-6662-4742-947A-2BF7FC64DDA6}
	EndGlobalSection
EndGlobal
